// !$*UTF8*$!
{
	archiveVersion = 1;
	classes = {
	};
	objectVersion = 56;
	objects = {

/* Begin PBXBuildFile section */
		8B31D6642B5E1BF000A83EDC /* TaxiApp.swift in Sources */ = {isa = PBXBuildFile; fileRef = 8B31D6632B5E1BF000A83EDC /* TaxiApp.swift */; };
		8B31D6662B5E1BF000A83EDC /* ContentView.swift in Sources */ = {isa = PBXBuildFile; fileRef = 8B31D6652B5E1BF000A83EDC /* ContentView.swift */; };
		8B31D6682B5E1BF100A83EDC /* Assets.xcassets in Resources */ = {isa = PBXBuildFile; fileRef = 8B31D6672B5E1BF100A83EDC /* Assets.xcassets */; };
		8B31D66B2B5E1BF100A83EDC /* Preview Assets.xcassets in Resources */ = {isa = PBXBuildFile; fileRef = 8B31D66A2B5E1BF100A83EDC /* Preview Assets.xcassets */; };
		8B31D6762B5E1C6800A83EDC /* NunitoSans-SemiBold.ttf in Resources */ = {isa = PBXBuildFile; fileRef = 8B31D6732B5E1C6700A83EDC /* NunitoSans-SemiBold.ttf */; };
		8B31D6772B5E1C6800A83EDC /* NunitoSans-Bold.ttf in Resources */ = {isa = PBXBuildFile; fileRef = 8B31D6742B5E1C6700A83EDC /* NunitoSans-Bold.ttf */; };
		8B31D67A2B5E1D8200A83EDC /* NunitoSans-Light.ttf in Resources */ = {isa = PBXBuildFile; fileRef = 8B31D6792B5E1CAD00A83EDC /* NunitoSans-Light.ttf */; };
		8B31D67B2B5E1D9100A83EDC /* NunitoSans-Regular.ttf in Resources */ = {isa = PBXBuildFile; fileRef = 8B31D6722B5E1C2100A83EDC /* NunitoSans-Regular.ttf */; };
		8B31D67D2B5E1DBE00A83EDC /* taxi-driver-info.plist in Resources */ = {isa = PBXBuildFile; fileRef = 8B31D67C2B5E1DBE00A83EDC /* taxi-driver-info.plist */; };
		8B31D6802B5E1EBB00A83EDC /* UIExtension.swift in Sources */ = {isa = PBXBuildFile; fileRef = 8B31D67F2B5E1EBB00A83EDC /* UIExtension.swift */; };
/* End PBXBuildFile section */

/* Begin PBXFileReference section */
		8B31D6602B5E1BF000A83EDC /* Taxi.app */ = {isa = PBXFileReference; explicitFileType = wrapper.application; includeInIndex = 0; path = Taxi.app; sourceTree = BUILT_PRODUCTS_DIR; };
		8B31D6632B5E1BF000A83EDC /* TaxiApp.swift */ = {isa = PBXFileReference; lastKnownFileType = sourcecode.swift; path = TaxiApp.swift; sourceTree = "<group>"; };
		8B31D6652B5E1BF000A83EDC /* ContentView.swift */ = {isa = PBXFileReference; lastKnownFileType = sourcecode.swift; path = ContentView.swift; sourceTree = "<group>"; };
		8B31D6672B5E1BF100A83EDC /* Assets.xcassets */ = {isa = PBXFileReference; lastKnownFileType = folder.assetcatalog; path = Assets.xcassets; sourceTree = "<group>"; };
		8B31D66A2B5E1BF100A83EDC /* Preview Assets.xcassets */ = {isa = PBXFileReference; lastKnownFileType = folder.assetcatalog; path = "Preview Assets.xcassets"; sourceTree = "<group>"; };
		8B31D6722B5E1C2100A83EDC /* NunitoSans-Regular.ttf */ = {isa = PBXFileReference; lastKnownFileType = file; path = "NunitoSans-Regular.ttf"; sourceTree = "<group>"; };
		8B31D6732B5E1C6700A83EDC /* NunitoSans-SemiBold.ttf */ = {isa = PBXFileReference; lastKnownFileType = file; path = "NunitoSans-SemiBold.ttf"; sourceTree = "<group>"; };
		8B31D6742B5E1C6700A83EDC /* NunitoSans-Bold.ttf */ = {isa = PBXFileReference; lastKnownFileType = file; path = "NunitoSans-Bold.ttf"; sourceTree = "<group>"; };
		8B31D6792B5E1CAD00A83EDC /* NunitoSans-Light.ttf */ = {isa = PBXFileReference; lastKnownFileType = file; path = "NunitoSans-Light.ttf"; sourceTree = "<group>"; };
		8B31D67C2B5E1DBE00A83EDC /* taxi-driver-info.plist */ = {isa = PBXFileReference; lastKnownFileType = text.plist.xml; path = "taxi-driver-info.plist"; sourceTree = "<group>"; };
		8B31D67F2B5E1EBB00A83EDC /* UIExtension.swift */ = {isa = PBXFileReference; lastKnownFileType = sourcecode.swift; path = UIExtension.swift; sourceTree = "<group>"; };
/* End PBXFileReference section */

/* Begin PBXFrameworksBuildPhase section */
		8B31D65D2B5E1BF000A83EDC /* Frameworks */ = {
			isa = PBXFrameworksBuildPhase;
			buildActionMask = 2147483647;
			files = (
			);
			runOnlyForDeploymentPostprocessing = 0;
		};
/* End PBXFrameworksBuildPhase section */

/* Begin PBXGroup section */
		8B31D6572B5E1BF000A83EDC = {
			isa = PBXGroup;
			children = (
				8B31D6622B5E1BF000A83EDC /* Taxi */,
				8B31D6612B5E1BF000A83EDC /* Products */,
			);
			sourceTree = "<group>";
		};
		8B31D6612B5E1BF000A83EDC /* Products */ = {
			isa = PBXGroup;
			children = (
				8B31D6602B5E1BF000A83EDC /* Taxi.app */,
			);
			name = Products;
			sourceTree = "<group>";
		};
		8B31D6622B5E1BF000A83EDC /* Taxi */ = {
			isa = PBXGroup;
			children = (
				8B31D67E2B5E1EA700A83EDC /* UICommon */,
				8B31D67C2B5E1DBE00A83EDC /* taxi-driver-info.plist */,
				8B31D6712B5E1BFA00A83EDC /* Fonts */,
				8B31D6632B5E1BF000A83EDC /* TaxiApp.swift */,
				8B31D6652B5E1BF000A83EDC /* ContentView.swift */,
				8B31D6672B5E1BF100A83EDC /* Assets.xcassets */,
				8B31D6692B5E1BF100A83EDC /* Preview Content */,
			);
			path = Taxi;
			sourceTree = "<group>";
		};
		8B31D6692B5E1BF100A83EDC /* Preview Content */ = {
			isa = PBXGroup;
			children = (
				8B31D66A2B5E1BF100A83EDC /* Preview Assets.xcassets */,
			);
			path = "Preview Content";
			sourceTree = "<group>";
		};
		8B31D6712B5E1BFA00A83EDC /* Fonts */ = {
			isa = PBXGroup;
			children = (
				8B31D6792B5E1CAD00A83EDC /* NunitoSans-Light.ttf */,
				8B31D6742B5E1C6700A83EDC /* NunitoSans-Bold.ttf */,
				8B31D6732B5E1C6700A83EDC /* NunitoSans-SemiBold.ttf */,
				8B31D6722B5E1C2100A83EDC /* NunitoSans-Regular.ttf */,
			);
			path = Fonts;
			sourceTree = "<group>";
		};
		8B31D67E2B5E1EA700A83EDC /* UICommon */ = {
			isa = PBXGroup;
			children = (
				8B31D67F2B5E1EBB00A83EDC /* UIExtension.swift */,
			);
			path = UICommon;
			sourceTree = "<group>";
		};
/* End PBXGroup section */

/* Begin PBXNativeTarget section */
		8B31D65F2B5E1BF000A83EDC /* Taxi */ = {
			isa = PBXNativeTarget;
			buildConfigurationList = 8B31D66E2B5E1BF100A83EDC /* Build configuration list for PBXNativeTarget "Taxi" */;
			buildPhases = (
				8B31D65C2B5E1BF000A83EDC /* Sources */,
				8B31D65D2B5E1BF000A83EDC /* Frameworks */,
				8B31D65E2B5E1BF000A83EDC /* Resources */,
			);
			buildRules = (
			);
			dependencies = (
			);
			name = Taxi;
			productName = Taxi;
			productReference = 8B31D6602B5E1BF000A83EDC /* Taxi.app */;
			productType = "com.apple.product-type.application";
		};
/* End PBXNativeTarget section */

/* Begin PBXProject section */
		8B31D6582B5E1BF000A83EDC /* Project object */ = {
			isa = PBXProject;
			attributes = {
				BuildIndependentTargetsInParallel = 1;
				LastSwiftUpdateCheck = 1520;
				LastUpgradeCheck = 1520;
				TargetAttributes = {
					8B31D65F2B5E1BF000A83EDC = {
						CreatedOnToolsVersion = 15.2;
					};
				};
			};
			buildConfigurationList = 8B31D65B2B5E1BF000A83EDC /* Build configuration list for PBXProject "Taxi" */;
			compatibilityVersion = "Xcode 14.0";
			developmentRegion = en;
			hasScannedForEncodings = 0;
			knownRegions = (
				en,
				Base,
			);
			mainGroup = 8B31D6572B5E1BF000A83EDC;
			productRefGroup = 8B31D6612B5E1BF000A83EDC /* Products */;
			projectDirPath = "";
			projectRoot = "";
			targets = (
				8B31D65F2B5E1BF000A83EDC /* Taxi */,
			);
		};
/* End PBXProject section */

/* Begin PBXResourcesBuildPhase section */
		8B31D65E2B5E1BF000A83EDC /* Resources */ = {
			isa = PBXResourcesBuildPhase;
			buildActionMask = 2147483647;
			files = (
				8B31D6762B5E1C6800A83EDC /* NunitoSans-SemiBold.ttf in Resources */,
				8B31D67D2B5E1DBE00A83EDC /* taxi-driver-info.plist in Resources */,
				8B31D67B2B5E1D9100A83EDC /* NunitoSans-Regular.ttf in Resources */,
				8B31D66B2B5E1BF100A83EDC /* Preview Assets.xcassets in Resources */,
				8B31D67A2B5E1D8200A83EDC /* NunitoSans-Light.ttf in Resources */,
				8B31D6682B5E1BF100A83EDC /* Assets.xcassets in Resources */,
				8B31D6772B5E1C6800A83EDC /* NunitoSans-Bold.ttf in Resources */,
			);
			runOnlyForDeploymentPostprocessing = 0;
		};
/* End PBXResourcesBuildPhase section */

/* Begin PBXSourcesBuildPhase section */
		8B31D65C2B5E1BF000A83EDC /* Sources */ = {
			isa = PBXSourcesBuildPhase;
			buildActionMask = 2147483647;
			files = (
				8B31D6662B5E1BF000A83EDC /* ContentView.swift in Sources */,
				8B31D6802B5E1EBB00A83EDC /* UIExtension.swift in Sources */,
				8B31D6642B5E1BF000A83EDC /* TaxiApp.swift in Sources */,
			);
			runOnlyForDeploymentPostprocessing = 0;
		};
/* End PBXSourcesBuildPhase section */

/* Begin XCBuildConfiguration section */
		8B31D66C2B5E1BF100A83EDC /* Debug */ = {
			isa = XCBuildConfiguration;
			buildSettings = {
				ALWAYS_SEARCH_USER_PATHS = NO;
				ASSETCATALOG_COMPILER_GENERATE_SWIFT_ASSET_SYMBOL_EXTENSIONS = YES;
				CLANG_ANALYZER_NONNULL = YES;
				CLANG_ANALYZER_NUMBER_OBJECT_CONVERSION = YES_AGGRESSIVE;
				CLANG_CXX_LANGUAGE_STANDARD = "gnu++20";
				CLANG_ENABLE_MODULES = YES;
				CLANG_ENABLE_OBJC_ARC = YES;
				CLANG_ENABLE_OBJC_WEAK = YES;
				CLANG_WARN_BLOCK_CAPTURE_AUTORELEASING = YES;
				CLANG_WARN_BOOL_CONVERSION = YES;
				CLANG_WARN_COMMA = YES;
				CLANG_WARN_CONSTANT_CONVERSION = YES;
				CLANG_WARN_DEPRECATED_OBJC_IMPLEMENTATIONS = YES;
				CLANG_WARN_DIRECT_OBJC_ISA_USAGE = YES_ERROR;
				CLANG_WARN_DOCUMENTATION_COMMENTS = YES;
				CLANG_WARN_EMPTY_BODY = YES;
				CLANG_WARN_ENUM_CONVERSION = YES;
				CLANG_WARN_INFINITE_RECURSION = YES;
				CLANG_WARN_INT_CONVERSION = YES;
				CLANG_WARN_NON_LITERAL_NULL_CONVERSION = YES;
				CLANG_WARN_OBJC_IMPLICIT_RETAIN_SELF = YES;
				CLANG_WARN_OBJC_LITERAL_CONVERSION = YES;
				CLANG_WARN_OBJC_ROOT_CLASS = YES_ERROR;
				CLANG_WARN_QUOTED_INCLUDE_IN_FRAMEWORK_HEADER = YES;
				CLANG_WARN_RANGE_LOOP_ANALYSIS = YES;
				CLANG_WARN_STRICT_PROTOTYPES = YES;
				CLANG_WARN_SUSPICIOUS_MOVE = YES;
				CLANG_WARN_UNGUARDED_AVAILABILITY = YES_AGGRESSIVE;
				CLANG_WARN_UNREACHABLE_CODE = YES;
				CLANG_WARN__DUPLICATE_METHOD_MATCH = YES;
				COPY_PHASE_STRIP = NO;
				DEBUG_INFORMATION_FORMAT = dwarf;
				ENABLE_STRICT_OBJC_MSGSEND = YES;
				ENABLE_TESTABILITY = YES;
				ENABLE_USER_SCRIPT_SANDBOXING = YES;
				GCC_C_LANGUAGE_STANDARD = gnu17;
				GCC_DYNAMIC_NO_PIC = NO;
				GCC_NO_COMMON_BLOCKS = YES;
				GCC_OPTIMIZATION_LEVEL = 0;
				GCC_PREPROCESSOR_DEFINITIONS = (
					"DEBUG=1",
					"$(inherited)",
				);
				GCC_WARN_64_TO_32_BIT_CONVERSION = YES;
				GCC_WARN_ABOUT_RETURN_TYPE = YES_ERROR;
				GCC_WARN_UNDECLARED_SELECTOR = YES;
				GCC_WARN_UNINITIALIZED_AUTOS = YES_AGGRESSIVE;
				GCC_WARN_UNUSED_FUNCTION = YES;
				GCC_WARN_UNUSED_VARIABLE = YES;
				IPHONEOS_DEPLOYMENT_TARGET = 17.2;
				LOCALIZATION_PREFERS_STRING_CATALOGS = YES;
				MTL_ENABLE_DEBUG_INFO = INCLUDE_SOURCE;
				MTL_FAST_MATH = YES;
				ONLY_ACTIVE_ARCH = YES;
				SDKROOT = iphoneos;
				SWIFT_ACTIVE_COMPILATION_CONDITIONS = "DEBUG $(inherited)";
				SWIFT_OPTIMIZATION_LEVEL = "-Onone";
			};
			name = Debug;
		};
		8B31D66D2B5E1BF100A83EDC /* Release */ = {
			isa = XCBuildConfiguration;
			buildSettings = {
				ALWAYS_SEARCH_USER_PATHS = NO;
				ASSETCATALOG_COMPILER_GENERATE_SWIFT_ASSET_SYMBOL_EXTENSIONS = YES;
				CLANG_ANALYZER_NONNULL = YES;
				CLANG_ANALYZER_NUMBER_OBJECT_CONVERSION = YES_AGGRESSIVE;
				CLANG_CXX_LANGUAGE_STANDARD = "gnu++20";
				CLANG_ENABLE_MODULES = YES;
				CLANG_ENABLE_OBJC_ARC = YES;
				CLANG_ENABLE_OBJC_WEAK = YES;
				CLANG_WARN_BLOCK_CAPTURE_AUTORELEASING = YES;
				CLANG_WARN_BOOL_CONVERSION = YES;
				CLANG_WARN_COMMA = YES;
				CLANG_WARN_CONSTANT_CONVERSION = YES;
				CLANG_WARN_DEPRECATED_OBJC_IMPLEMENTATIONS = YES;
				CLANG_WARN_DIRECT_OBJC_ISA_USAGE = YES_ERROR;
				CLANG_WARN_DOCUMENTATION_COMMENTS = YES;
				CLANG_WARN_EMPTY_BODY = YES;
				CLANG_WARN_ENUM_CONVERSION = YES;
				CLANG_WARN_INFINITE_RECURSION = YES;
				CLANG_WARN_INT_CONVERSION = YES;
				CLANG_WARN_NON_LITERAL_NULL_CONVERSION = YES;
				CLANG_WARN_OBJC_IMPLICIT_RETAIN_SELF = YES;
				CLANG_WARN_OBJC_LITERAL_CONVERSION = YES;
				CLANG_WARN_OBJC_ROOT_CLASS = YES_ERROR;
				CLANG_WARN_QUOTED_INCLUDE_IN_FRAMEWORK_HEADER = YES;
				CLANG_WARN_RANGE_LOOP_ANALYSIS = YES;
				CLANG_WARN_STRICT_PROTOTYPES = YES;
				CLANG_WARN_SUSPICIOUS_MOVE = YES;
				CLANG_WARN_UNGUARDED_AVAILABILITY = YES_AGGRESSIVE;
				CLANG_WARN_UNREACHABLE_CODE = YES;
				CLANG_WARN__DUPLICATE_METHOD_MATCH = YES;
				COPY_PHASE_STRIP = NO;
				DEBUG_INFORMATION_FORMAT = "dwarf-with-dsym";
				ENABLE_NS_ASSERTIONS = NO;
				ENABLE_STRICT_OBJC_MSGSEND = YES;
				ENABLE_USER_SCRIPT_SANDBOXING = YES;
				GCC_C_LANGUAGE_STANDARD = gnu17;
				GCC_NO_COMMON_BLOCKS = YES;
				GCC_WARN_64_TO_32_BIT_CONVERSION = YES;
				GCC_WARN_ABOUT_RETURN_TYPE = YES_ERROR;
				GCC_WARN_UNDECLARED_SELECTOR = YES;
				GCC_WARN_UNINITIALIZED_AUTOS = YES_AGGRESSIVE;
				GCC_WARN_UNUSED_FUNCTION = YES;
				GCC_WARN_UNUSED_VARIABLE = YES;
				IPHONEOS_DEPLOYMENT_TARGET = 17.2;
				LOCALIZATION_PREFERS_STRING_CATALOGS = YES;
				MTL_ENABLE_DEBUG_INFO = NO;
				MTL_FAST_MATH = YES;
				SDKROOT = iphoneos;
				SWIFT_COMPILATION_MODE = wholemodule;
				VALIDATE_PRODUCT = YES;
			};
			name = Release;
		};
		8B31D66F2B5E1BF100A83EDC /* Debug */ = {
			isa = XCBuildConfiguration;
			buildSettings = {
				ASSETCATALOG_COMPILER_APPICON_NAME = AppIcon;
				ASSETCATALOG_COMPILER_GLOBAL_ACCENT_COLOR_NAME = AccentColor;
				CODE_SIGN_IDENTITY = "Apple Development";
				CODE_SIGN_STYLE = Automatic;
				CURRENT_PROJECT_VERSION = 1;
				DEVELOPMENT_ASSET_PATHS = "\"Taxi/Preview Content\"";
				DEVELOPMENT_TEAM = TX65264J97;
				ENABLE_PREVIEWS = YES;
				GENERATE_INFOPLIST_FILE = YES;
				INFOPLIST_KEY_UIApplicationSceneManifest_Generation = YES;
				INFOPLIST_KEY_UIApplicationSupportsIndirectInputEvents = YES;
				INFOPLIST_KEY_UILaunchScreen_Generation = YES;
				INFOPLIST_KEY_UISupportedInterfaceOrientations_iPad = "UIInterfaceOrientationPortrait UIInterfaceOrientationPortraitUpsideDown UIInterfaceOrientationLandscapeLeft UIInterfaceOrientationLandscapeRight";
				INFOPLIST_KEY_UISupportedInterfaceOrientations_iPhone = "UIInterfaceOrientationPortrait UIInterfaceOrientationLandscapeLeft UIInterfaceOrientationLandscapeRight";
				IPHONEOS_DEPLOYMENT_TARGET = 14.0;
				LD_RUNPATH_SEARCH_PATHS = (
					"$(inherited)",
					"@executable_path/Frameworks",
				);
				MARKETING_VERSION = 1.0;
				PRODUCT_BUNDLE_IDENTIFIER = com.maurzac.Taxi;
				PRODUCT_NAME = "$(TARGET_NAME)";
				PROVISIONING_PROFILE_SPECIFIER = "";
				SWIFT_EMIT_LOC_STRINGS = YES;
				SWIFT_VERSION = 5.0;
				TARGETED_DEVICE_FAMILY = "1,2";
			};
			name = Debug;
		};
		8B31D6702B5E1BF100A83EDC /* Release */ = {
			isa = XCBuildConfiguration;
			buildSettings = {
				ASSETCATALOG_COMPILER_APPICON_NAME = AppIcon;
				ASSETCATALOG_COMPILER_GLOBAL_ACCENT_COLOR_NAME = AccentColor;
				CODE_SIGN_IDENTITY = "Apple Development";
				CODE_SIGN_STYLE = Automatic;
				CURRENT_PROJECT_VERSION = 1;
				DEVELOPMENT_ASSET_PATHS = "\"Taxi/Preview Content\"";
				DEVELOPMENT_TEAM = TX65264J97;
				ENABLE_PREVIEWS = YES;
				GENERATE_INFOPLIST_FILE = YES;
				INFOPLIST_KEY_UIApplicationSceneManifest_Generation = YES;
				INFOPLIST_KEY_UIApplicationSupportsIndirectInputEvents = YES;
				INFOPLIST_KEY_UILaunchScreen_Generation = YES;
				INFOPLIST_KEY_UISupportedInterfaceOrientations_iPad = "UIInterfaceOrientationPortrait UIInterfaceOrientationPortraitUpsideDown UIInterfaceOrientationLandscapeLeft UIInterfaceOrientationLandscapeRight";
				INFOPLIST_KEY_UISupportedInterfaceOrientations_iPhone = "UIInterfaceOrientationPortrait UIInterfaceOrientationLandscapeLeft UIInterfaceOrientationLandscapeRight";
				IPHONEOS_DEPLOYMENT_TARGET = 14.0;
				LD_RUNPATH_SEARCH_PATHS = (
					"$(inherited)",
					"@executable_path/Frameworks",
				);
				MARKETING_VERSION = 1.0;
				PRODUCT_BUNDLE_IDENTIFIER = com.maurzac.Taxi;
				PRODUCT_NAME = "$(TARGET_NAME)";
				PROVISIONING_PROFILE_SPECIFIER = "";
				SWIFT_EMIT_LOC_STRINGS = YES;
				SWIFT_VERSION = 5.0;
				TARGETED_DEVICE_FAMILY = "1,2";
			};
			name = Release;
		};
/* End XCBuildConfiguration section */

/* Begin XCConfigurationList section */
		8B31D65B2B5E1BF000A83EDC /* Build configuration list for PBXProject "Taxi" */ = {
			isa = XCConfigurationList;
			buildConfigurations = (
				8B31D66C2B5E1BF100A83EDC /* Debug */,
				8B31D66D2B5E1BF100A83EDC /* Release */,
			);
			defaultConfigurationIsVisible = 0;
			defaultConfigurationName = Release;
		};
		8B31D66E2B5E1BF100A83EDC /* Build configuration list for PBXNativeTarget "Taxi" */ = {
			isa = XCConfigurationList;
			buildConfigurations = (
				8B31D66F2B5E1BF100A83EDC /* Debug */,
				8B31D6702B5E1BF100A83EDC /* Release */,
			);
			defaultConfigurationIsVisible = 0;
			defaultConfigurationName = Release;
		};
/* End XCConfigurationList section */
	};
	rootObject = 8B31D6582B5E1BF000A83EDC /* Project object */;
}
